
Microsoft Visual Studio Solution File, Format Version 12.00
# Visual Studio 15
VisualStudioVersion = 15.0.27428.2037
MinimumVisualStudioVersion = 10.0.40219.1
Project("{FAE04EC0-301F-11D3-BF4B-00C04F79EFBC}") = "Domain", "Domain\Domain.csproj", "{A65F8639-52BB-4E12-A65D-558D8EB4E706}"
EndProject
Project("{FAE04EC0-301F-11D3-BF4B-00C04F79EFBC}") = "Data", "Data\Data.csproj", "{163A368C-F064-4297-AADA-7E0FC916439F}"
EndProject
Project("{FAE04EC0-301F-11D3-BF4B-00C04F79EFBC}") = "Application", "Application\Application.csproj", "{A8B9F820-8367-46DD-A1AC-E86B21E16F22}"
EndProject
Global
	GlobalSection(SolutionConfigurationPlatforms) = preSolution
		Debug|Any CPU = Debug|Any CPU
		Release|Any CPU = Release|Any CPU
	EndGlobalSection
	GlobalSection(ProjectConfigurationPlatforms) = postSolution
		{A65F8639-52BB-4E12-A65D-558D8EB4E706}.Debug|Any CPU.ActiveCfg = Debug|Any CPU
		{A65F8639-52BB-4E12-A65D-558D8EB4E706}.Debug|Any CPU.Build.0 = Debug|Any CPU
		{A65F8639-52BB-4E12-A65D-558D8EB4E706}.Release|Any CPU.ActiveCfg = Release|Any CPU
		{A65F8639-52BB-4E12-A65D-558D8EB4E706}.Release|Any CPU.Build.0 = Release|Any CPU
		{163A368C-F064-4297-AADA-7E0FC916439F}.Debug|Any CPU.ActiveCfg = Debug|Any CPU
		{163A368C-F064-4297-AADA-7E0FC916439F}.Debug|Any CPU.Build.0 = Debug|Any CPU
		{163A368C-F064-4297-AADA-7E0FC916439F}.Release|Any CPU.ActiveCfg = Release|Any CPU
		{163A368C-F064-4297-AADA-7E0FC916439F}.Release|Any CPU.Build.0 = Release|Any CPU
		{A8B9F820-8367-46DD-A1AC-E86B21E16F22}.Debug|Any CPU.ActiveCfg = Debug|Any CPU
		{A8B9F820-8367-46DD-A1AC-E86B21E16F22}.Debug|Any CPU.Build.0 = Debug|Any CPU
		{A8B9F820-8367-46DD-A1AC-E86B21E16F22}.Release|Any CPU.ActiveCfg = Release|Any CPU
		{A8B9F820-8367-46DD-A1AC-E86B21E16F22}.Release|Any CPU.Build.0 = Release|Any CPU
	EndGlobalSection
	GlobalSection(SolutionProperties) = preSolution
		HideSolutionNode = FALSE
	EndGlobalSection
	GlobalSection(ExtensibilityGlobals) = postSolution
		SolutionGuid = {0D901701-E04D-4195-BC1D-75BCE34CC233}
	EndGlobalSection
EndGlobal
