
Microsoft Visual Studio Solution File, Format Version 12.00
# Visual Studio 15
VisualStudioVersion = 15.0.27130.2010
MinimumVisualStudioVersion = 10.0.40219.1
Project("{FAE04EC0-301F-11D3-BF4B-00C04F79EFBC}") = "System.Globalization_Example", "System.Globalization_Example\System.Globalization_Example.csproj", "{2505D026-64F1-45F4-B636-0D1AC7757A31}"
EndProject
Project("{FAE04EC0-301F-11D3-BF4B-00C04F79EFBC}") = "System.IO_Example", "System.IO_Example\System.IO_Example.csproj", "{706C1C44-C53E-482A-8ABE-E2685B598B93}"
EndProject
Project("{FAE04EC0-301F-11D3-BF4B-00C04F79EFBC}") = "System.Resources_Example", "System.Resources_Example\System.Resources_Example.csproj", "{7BAA9D3E-AFF4-426C-B679-96211A170148}"
EndProject
Project("{FAE04EC0-301F-11D3-BF4B-00C04F79EFBC}") = "System.XML_Example", "System.XML_Example\System.XML_Example.csproj", "{43FDB1A0-E1C7-4EA5-BAC1-2206752E4F3B}"
EndProject
Project("{FAE04EC0-301F-11D3-BF4B-00C04F79EFBC}") = "CadastroClientes", "CadastroClientes\CadastroClientes.csproj", "{91889ABD-5F4A-4589-B9C1-BBADBD80C999}"
EndProject
Global
	GlobalSection(SolutionConfigurationPlatforms) = preSolution
		Debug|Any CPU = Debug|Any CPU
		Release|Any CPU = Release|Any CPU
	EndGlobalSection
	GlobalSection(ProjectConfigurationPlatforms) = postSolution
		{2505D026-64F1-45F4-B636-0D1AC7757A31}.Debug|Any CPU.ActiveCfg = Debug|Any CPU
		{2505D026-64F1-45F4-B636-0D1AC7757A31}.Debug|Any CPU.Build.0 = Debug|Any CPU
		{2505D026-64F1-45F4-B636-0D1AC7757A31}.Release|Any CPU.ActiveCfg = Release|Any CPU
		{2505D026-64F1-45F4-B636-0D1AC7757A31}.Release|Any CPU.Build.0 = Release|Any CPU
		{706C1C44-C53E-482A-8ABE-E2685B598B93}.Debug|Any CPU.ActiveCfg = Debug|Any CPU
		{706C1C44-C53E-482A-8ABE-E2685B598B93}.Debug|Any CPU.Build.0 = Debug|Any CPU
		{706C1C44-C53E-482A-8ABE-E2685B598B93}.Release|Any CPU.ActiveCfg = Release|Any CPU
		{706C1C44-C53E-482A-8ABE-E2685B598B93}.Release|Any CPU.Build.0 = Release|Any CPU
		{7BAA9D3E-AFF4-426C-B679-96211A170148}.Debug|Any CPU.ActiveCfg = Debug|Any CPU
		{7BAA9D3E-AFF4-426C-B679-96211A170148}.Debug|Any CPU.Build.0 = Debug|Any CPU
		{7BAA9D3E-AFF4-426C-B679-96211A170148}.Release|Any CPU.ActiveCfg = Release|Any CPU
		{7BAA9D3E-AFF4-426C-B679-96211A170148}.Release|Any CPU.Build.0 = Release|Any CPU
		{43FDB1A0-E1C7-4EA5-BAC1-2206752E4F3B}.Debug|Any CPU.ActiveCfg = Debug|Any CPU
		{43FDB1A0-E1C7-4EA5-BAC1-2206752E4F3B}.Debug|Any CPU.Build.0 = Debug|Any CPU
		{43FDB1A0-E1C7-4EA5-BAC1-2206752E4F3B}.Release|Any CPU.ActiveCfg = Release|Any CPU
		{43FDB1A0-E1C7-4EA5-BAC1-2206752E4F3B}.Release|Any CPU.Build.0 = Release|Any CPU
		{91889ABD-5F4A-4589-B9C1-BBADBD80C999}.Debug|Any CPU.ActiveCfg = Debug|Any CPU
		{91889ABD-5F4A-4589-B9C1-BBADBD80C999}.Debug|Any CPU.Build.0 = Debug|Any CPU
		{91889ABD-5F4A-4589-B9C1-BBADBD80C999}.Release|Any CPU.ActiveCfg = Release|Any CPU
		{91889ABD-5F4A-4589-B9C1-BBADBD80C999}.Release|Any CPU.Build.0 = Release|Any CPU
	EndGlobalSection
	GlobalSection(SolutionProperties) = preSolution
		HideSolutionNode = FALSE
	EndGlobalSection
	GlobalSection(ExtensibilityGlobals) = postSolution
		SolutionGuid = {79ED0C95-A949-4F91-AACB-FECDBD5425C2}
	EndGlobalSection
EndGlobal
